<Solution>
  <Folder Name="/extensions/">
    <Project Path="extensions/Fabulous.Avalonia.ColorPicker/Fabulous.Avalonia.ColorPicker.fsproj" />
    <Project Path="extensions/Fabulous.Avalonia.DataGrid/Fabulous.Avalonia.DataGrid.fsproj" />
    <Project Path="extensions/Fabulous.Avalonia.Diagnostics/Fabulous.Avalonia.Diagnostics.fsproj" />
    <Project Path="extensions/Fabulous.Avalonia.ItemsRepeater/Fabulous.Avalonia.ItemsRepeater.fsproj" />
    <Project Path="extensions/Fabulous.Avalonia.TreeDataGrid/Fabulous.Avalonia.TreeDataGrid.fsproj" />
  </Folder>
  <Folder Name="/src/">
    <Project Path="src/Fabulous.Avalonia/Fabulous.Avalonia.fsproj" />
  </Folder>
</Solution>
