<Solution>
  <Folder Name="/extensions/">
    <Project Path="extensions/Fabulous.Avalonia.ColorPicker/Fabulous.Avalonia.ColorPicker.fsproj" />
    <Project Path="extensions/Fabulous.Avalonia.DataGrid/Fabulous.Avalonia.DataGrid.fsproj" />
    <Project Path="extensions/Fabulous.Avalonia.Diagnostics/Fabulous.Avalonia.Diagnostics.fsproj" />
    <Project Path="extensions/Fabulous.Avalonia.ItemsRepeater/Fabulous.Avalonia.ItemsRepeater.fsproj" />
    <Project Path="extensions/Fabulous.Avalonia.Labs/Fabulous.Avalonia.Labs.fsproj" />
    <Project Path="extensions/Fabulous.Avalonia.TreeDataGrid/Fabulous.Avalonia.TreeDataGrid.fsproj" />
  </Folder>
  <Folder Name="/samples/">
    <File Path="samples/Fabulous.Avalonia.Samples.targets" />
    <Project Path="samples/ControlSamples/ControlSamples.csproj" />
    <Project Path="samples/Gallery/Gallery.fsproj">
      <Deploy />
    </Project>
    <Project Path="samples/Playground/Playground.fsproj" />
  </Folder>
  <Folder Name="/src/">
    <File Path="Fabulous.Avalonia.props" />
    <Project Path="src/Fabulous.Avalonia.Tests/Fabulous.Avalonia.Tests.fsproj" />
    <Project Path="src/Fabulous.Avalonia/Fabulous.Avalonia.fsproj" />
  </Folder>
  <Folder Name="/_Solution Items/">
    <File Path=".gitignore" />
    <File Path="build.yml" />
    <File Path="Directory.Build.props" />
    <File Path="Directory.Packages.props" />
    <File Path="extensions/Fabulous.Avalonia.ColorPicker/CHANGELOG.md" />
    <File Path="extensions/Fabulous.Avalonia.DataGrid/CHANGELOG.md" />
    <File Path="extensions/Fabulous.Avalonia.Diagnostics/CHANGELOG.md" />
    <File Path="extensions/Fabulous.Avalonia.ItemsRepeater/CHANGELOG.md" />
    <File Path="extensions/Fabulous.Avalonia.Labs/CHANGELOG.md" />
    <File Path="extensions/Fabulous.Avalonia.TreeDataGrid/CHANGELOG.md" />
    <File Path="pull_request.yml" />
    <File Path="README.md" />
    <File Path="release.yml" />
    <File Path="src/Fabulous.Avalonia/CHANGELOG.md" />
    <File Path="templates/CHANGELOG.md" />
  </Folder>
</Solution>
